<?xml version="1.0" encoding="utf-8"?>
<Project ToolsVersion="4.0" xmlns="http://schemas.microsoft.com/developer/msbuild/2003">
  <ItemGroup>
    <Filter Include="Source Files">
      <UniqueIdentifier>{4FC737F1-C7A5-4376-A066-2A32D752A2FF}</UniqueIdentifier>
      <Extensions>cpp;c;cc;cxx;c++;cppm;ixx;def;odl;idl;hpj;bat;asm;asmx</Extensions>
    </Filter>
    <Filter Include="Header Files">
      <UniqueIdentifier>{93995380-89BD-4b04-88EB-625FBE52EBFB}</UniqueIdentifier>
      <Extensions>h;hh;hpp;hxx;h++;hm;inl;inc;ipp;xsd</Extensions>
    </Filter>
    <Filter Include="Resource Files">
      <UniqueIdentifier>{67DA6AB6-F800-4c08-8B7A-83BB121AAD01}</UniqueIdentifier>
      <Extensions>rc;ico;cur;bmp;dlg;rc2;rct;bin;rgs;gif;jpg;jpeg;jpe;resx;tiff;tif;png;wav;mfcribbon-ms</Extensions>
    </Filter>
  </ItemGroup>
  <ItemGroup>
    <None Include="CRM-Console-SystemApp.vcxproj.user">
      <Filter>Source Files</Filter>
    </None>
    <None Include=".gitattributes">
      <Filter>Source Files</Filter>
    </None>
    <None Include=".gitignore">
      <Filter>Source Files</Filter>
    </None>
    <None Include="0">
      <Filter>Source Files</Filter>
    </None>
    <None Include="Clients Info">
      <Filter>Source Files</Filter>
    </None>
    <None Include="Clients Info_">
      <Filter>Source Files</Filter>
    </None>
    <None Include="LoginRegister.text">
      <Filter>Source Files</Filter>
    </None>
  </ItemGroup>
  <ItemGroup>
    <Text Include="Clients.txt">
      <Filter>Source Files</Filter>
    </Text>
    <Text Include="Users.txt">
      <Filter>Source Files</Filter>
    </Text>
  </ItemGroup>
  <ItemGroup>
    <ClInclude Include="clsAddNewClientScreen.h">
      <Filter>Source Files</Filter>
    </ClInclude>
    <ClInclude Include="clsAddNewUserScreen.h">
      <Filter>Source Files</Filter>
    </ClInclude>
    <ClInclude Include="clsBankClient.h">
      <Filter>Source Files</Filter>
    </ClInclude>
    <ClInclude Include="clsClientListScreen.h">
      <Filter>Source Files</Filter>
    </ClInclude>
    <ClInclude Include="ClsDates.h">
      <Filter>Source Files</Filter>
    </ClInclude>
    <ClInclude Include="clsDeleteClientScreen.h">
      <Filter>Source Files</Filter>
    </ClInclude>
    <ClInclude Include="clsDeleteUserScreen.h">
      <Filter>Source Files</Filter>
    </ClInclude>
    <ClInclude Include="clsFindClientScreen.h">
      <Filter>Source Files</Filter>
    </ClInclude>
    <ClInclude Include="clsFindUserScreen1.h">
      <Filter>Source Files</Filter>
    </ClInclude>
    <ClInclude Include="ClsInputValidate.h">
      <Filter>Source Files</Filter>
    </ClInclude>
    <ClInclude Include="ClsLoginRegisterUserScreen.h">
      <Filter>Source Files</Filter>
    </ClInclude>
    <ClInclude Include="clsLoginUsersScreen.h">
      <Filter>Source Files</Filter>
    </ClInclude>
    <ClInclude Include="ClsMainScreenOfImplementation.h">
      <Filter>Source Files</Filter>
    </ClInclude>
    <ClInclude Include="clsManageUsersScreen.h">
      <Filter>Source Files</Filter>
    </ClInclude>
    <ClInclude Include="clsPerson.h">
      <Filter>Source Files</Filter>
    </ClInclude>
    <ClInclude Include="clsScreen.h">
      <Filter>Source Files</Filter>
    </ClInclude>
    <ClInclude Include="ClsString.h">
      <Filter>Source Files</Filter>
    </ClInclude>
    <ClInclude Include="clsTransactionClientScreen.h">
      <Filter>Source Files</Filter>
    </ClInclude>
    <ClInclude Include="ClsUpdateClientScreen.h">
      <Filter>Source Files</Filter>
    </ClInclude>
    <ClInclude Include="clsUpdateUserScreen.h">
      <Filter>Source Files</Filter>
    </ClInclude>
    <ClInclude Include="clsUser.h">
      <Filter>Source Files</Filter>
    </ClInclude>
    <ClInclude Include="clsUsersListScreen.h">
      <Filter>Source Files</Filter>
    </ClInclude>
    <ClInclude Include="ClsUtil.h">
      <Filter>Source Files</Filter>
    </ClInclude>
    <ClInclude Include="GlobalScreenOfOOP11.h">
      <Filter>Source Files</Filter>
    </ClInclude>
    <ClInclude Include="Interfacecommuniction.h">
      <Filter>Source Files</Filter>
    </ClInclude>
  </ItemGroup>
  <ItemGroup>
    <ClCompile Include="CRM project.cpp">
      <Filter>Source Files</Filter>
    </ClCompile>
    <ClCompile Include="Interfacecommuniction.cpp">
      <Filter>Source Files</Filter>
    </ClCompile>
  </ItemGroup>
</Project>